
Microsoft Visual Studio Solution File, Format Version 12.00
# Visual Studio 15
Project("{FAE04EC0-301F-11D3-BF4B-00C04F79EFBC}") = "Assembly-CSharp", "Assembly-CSharp.csproj", "{A62E3025-E75E-24B7-5735-594E40741E96}"
EndProject
Project("{FAE04EC0-301F-11D3-BF4B-00C04F79EFBC}") = "Assembly-CSharp-Editor", "Assembly-CSharp-Editor.csproj", "{6B73BD13-389C-A550-6D45-E563E04E000A}"
EndProject
Global
	GlobalSection(SolutionConfigurationPlatforms) = preSolution
		Debug|Any CPU = Debug|Any CPU
		Release|Any CPU = Release|Any CPU
	EndGlobalSection
	GlobalSection(ProjectConfigurationPlatforms) = postSolution
		{A62E3025-E75E-24B7-5735-594E40741E96}.Debug|Any CPU.ActiveCfg = Debug|Any CPU
		{A62E3025-E75E-24B7-5735-594E40741E96}.Debug|Any CPU.Build.0 = Debug|Any CPU
		{A62E3025-E75E-24B7-5735-594E40741E96}.Release|Any CPU.ActiveCfg = Release|Any CPU
		{A62E3025-E75E-24B7-5735-594E40741E96}.Release|Any CPU.Build.0 = Release|Any CPU
		{6B73BD13-389C-A550-6D45-E563E04E000A}.Debug|Any CPU.ActiveCfg = Debug|Any CPU
		{6B73BD13-389C-A550-6D45-E563E04E000A}.Debug|Any CPU.Build.0 = Debug|Any CPU
		{6B73BD13-389C-A550-6D45-E563E04E000A}.Release|Any CPU.ActiveCfg = Release|Any CPU
		{6B73BD13-389C-A550-6D45-E563E04E000A}.Release|Any CPU.Build.0 = Release|Any CPU
	EndGlobalSection
	GlobalSection(SolutionProperties) = preSolution
		HideSolutionNode = FALSE
	EndGlobalSection
EndGlobal
